
Microsoft Visual Studio Solution File, Format Version 12.00
# Visual Studio Version 17
VisualStudioVersion = 17.5.33414.496
MinimumVisualStudioVersion = 10.0.40219.1
Project("{FAE04EC0-301F-11D3-BF4B-00C04F79EFBC}") = "arrays&objects(task3)", "arrays&objects(task3).csproj", "{C826A70B-2765-48C8-AE4C-2284413AEBD0}"
EndProject
Global
	GlobalSection(SolutionConfigurationPlatforms) = preSolution
		Debug|Any CPU = Debug|Any CPU
		Release|Any CPU = Release|Any CPU
	EndGlobalSection
	GlobalSection(ProjectConfigurationPlatforms) = postSolution
		{C826A70B-2765-48C8-AE4C-2284413AEBD0}.Debug|Any CPU.ActiveCfg = Debug|Any CPU
		{C826A70B-2765-48C8-AE4C-2284413AEBD0}.Debug|Any CPU.Build.0 = Debug|Any CPU
		{C826A70B-2765-48C8-AE4C-2284413AEBD0}.Release|Any CPU.ActiveCfg = Release|Any CPU
		{C826A70B-2765-48C8-AE4C-2284413AEBD0}.Release|Any CPU.Build.0 = Release|Any CPU
	EndGlobalSection
	GlobalSection(SolutionProperties) = preSolution
		HideSolutionNode = FALSE
	EndGlobalSection
	GlobalSection(ExtensibilityGlobals) = postSolution
		SolutionGuid = {D964EA14-9EBA-4BAE-B02B-2012F4D9D732}
	EndGlobalSection
EndGlobal
